
Microsoft Visual Studio Solution File, Format Version 12.00
# Visual Studio Version 17
VisualStudioVersion = 17.5.002.0
MinimumVisualStudioVersion = 10.0.40219.1
Project("{9A19103F-16F7-4668-BE54-9A1E7A4F7556}") = "PersonStudentProfessor", "PersonStudentProfessor.csproj", "{3075D1FF-0B9C-4D19-B76F-C67D780BE05C}"
EndProject
Global
	GlobalSection(SolutionConfigurationPlatforms) = preSolution
		Debug|Any CPU = Debug|Any CPU
		Release|Any CPU = Release|Any CPU
	EndGlobalSection
	GlobalSection(ProjectConfigurationPlatforms) = postSolution
		{3075D1FF-0B9C-4D19-B76F-C67D780BE05C}.Debug|Any CPU.ActiveCfg = Debug|Any CPU
		{3075D1FF-0B9C-4D19-B76F-C67D780BE05C}.Debug|Any CPU.Build.0 = Debug|Any CPU
		{3075D1FF-0B9C-4D19-B76F-C67D780BE05C}.Release|Any CPU.ActiveCfg = Release|Any CPU
		{3075D1FF-0B9C-4D19-B76F-C67D780BE05C}.Release|Any CPU.Build.0 = Release|Any CPU
	EndGlobalSection
	GlobalSection(SolutionProperties) = preSolution
		HideSolutionNode = FALSE
	EndGlobalSection
	GlobalSection(ExtensibilityGlobals) = postSolution
		SolutionGuid = {6D85E2BE-97E7-4A75-857D-77BC471FD00D}
	EndGlobalSection
EndGlobal
